
Microsoft Visual Studio Solution File, Format Version 12.00
# Visual Studio 2013
VisualStudioVersion = 12.0.30501.0
MinimumVisualStudioVersion = 10.0.40219.1
Project("{2150E333-8FDC-42A3-9474-1A3956D46DE8}") = ".nuget", ".nuget", "{5A21CCC2-B4BB-4626-882C-B26689D93A63}"
	ProjectSection(SolutionItems) = preProject
		.nuget\NuGet.Config = .nuget\NuGet.Config
		.nuget\NuGet.exe = .nuget\NuGet.exe
		.nuget\NuGet.targets = .nuget\NuGet.targets
		.nuget\packages.config = .nuget\packages.config
	EndProjectSection
EndProject
Project("{FAE04EC0-301F-11D3-BF4B-00C04F79EFBC}") = "Medidata.CrossApplicationTracer", "src\Medidata.CrossApplicationTracer\Medidata.CrossApplicationTracer.csproj", "{AE010AC2-0368-400D-809C-8B6AD7B46CB9}"
EndProject
Project("{2150E333-8FDC-42A3-9474-1A3956D46DE8}") = "src", "src", "{AE268FC5-3E93-40D7-BDEA-551CDE5F0809}"
EndProject
Project("{2150E333-8FDC-42A3-9474-1A3956D46DE8}") = "tests", "tests", "{549F566D-22D7-432F-8C26-D0D68E628DB5}"
EndProject
Project("{FAE04EC0-301F-11D3-BF4B-00C04F79EFBC}") = "Medidata.CrossApplicationTracer.Tests", "tests\Medidata.CrossApplicationTracer.Tests\Medidata.CrossApplicationTracer.Tests.csproj", "{CFB05D9E-7EA9-4C4A-A7D4-8CDBCF5DC7CB}"
EndProject
Project("{2150E333-8FDC-42A3-9474-1A3956D46DE8}") = "docs", "docs", "{CB913727-9488-4663-B943-A138A0A56952}"
	ProjectSection(SolutionItems) = preProject
		README.md = README.md
	EndProjectSection
EndProject
Global
	GlobalSection(SolutionConfigurationPlatforms) = preSolution
		Debug|Any CPU = Debug|Any CPU
		Release|Any CPU = Release|Any CPU
	EndGlobalSection
	GlobalSection(ProjectConfigurationPlatforms) = postSolution
		{AE010AC2-0368-400D-809C-8B6AD7B46CB9}.Debug|Any CPU.ActiveCfg = Debug|Any CPU
		{AE010AC2-0368-400D-809C-8B6AD7B46CB9}.Debug|Any CPU.Build.0 = Debug|Any CPU
		{AE010AC2-0368-400D-809C-8B6AD7B46CB9}.Release|Any CPU.ActiveCfg = Release|Any CPU
		{AE010AC2-0368-400D-809C-8B6AD7B46CB9}.Release|Any CPU.Build.0 = Release|Any CPU
		{CFB05D9E-7EA9-4C4A-A7D4-8CDBCF5DC7CB}.Debug|Any CPU.ActiveCfg = Debug|Any CPU
		{CFB05D9E-7EA9-4C4A-A7D4-8CDBCF5DC7CB}.Debug|Any CPU.Build.0 = Debug|Any CPU
		{CFB05D9E-7EA9-4C4A-A7D4-8CDBCF5DC7CB}.Release|Any CPU.ActiveCfg = Release|Any CPU
		{CFB05D9E-7EA9-4C4A-A7D4-8CDBCF5DC7CB}.Release|Any CPU.Build.0 = Release|Any CPU
	EndGlobalSection
	GlobalSection(SolutionProperties) = preSolution
		HideSolutionNode = FALSE
	EndGlobalSection
	GlobalSection(NestedProjects) = preSolution
		{AE010AC2-0368-400D-809C-8B6AD7B46CB9} = {AE268FC5-3E93-40D7-BDEA-551CDE5F0809}
		{CFB05D9E-7EA9-4C4A-A7D4-8CDBCF5DC7CB} = {549F566D-22D7-432F-8C26-D0D68E628DB5}
	EndGlobalSection
EndGlobal
